
Microsoft Visual Studio Solution File, Format Version 12.00
# Visual Studio Version 17
VisualStudioVersion = 17.0.32014.148
MinimumVisualStudioVersion = 10.0.40219.1
Project("{2150E333-8FDC-42A3-9474-1A3956D46DE8}") = "1 - Presentation Layer", "1 - Presentation Layer", "{FE4F576A-878F-48CE-AAF8-D9CD902F8FF4}"
EndProject
Project("{2150E333-8FDC-42A3-9474-1A3956D46DE8}") = "2 - Repository Layer", "2 - Repository Layer", "{6EF209BF-6E38-4724-B888-40380F39DD31}"
EndProject
Project("{FAE04EC0-301F-11D3-BF4B-00C04F79EFBC}") = "ProjetoAspNetMVC01.Presentation", "ProjetoAspNetMVC01.Presentation\ProjetoAspNetMVC01.Presentation.csproj", "{684BD4B9-D032-4052-9096-02E8808ECD97}"
EndProject
Project("{FAE04EC0-301F-11D3-BF4B-00C04F79EFBC}") = "ProjetoAspNetMVC01.Repository", "ProjetoAspNetMVC01.Repository\ProjetoAspNetMVC01.Repository.csproj", "{3498C0B0-328B-459D-9FF2-C37C3598F215}"
EndProject
Global
	GlobalSection(SolutionConfigurationPlatforms) = preSolution
		Debug|Any CPU = Debug|Any CPU
		Release|Any CPU = Release|Any CPU
	EndGlobalSection
	GlobalSection(ProjectConfigurationPlatforms) = postSolution
		{684BD4B9-D032-4052-9096-02E8808ECD97}.Debug|Any CPU.ActiveCfg = Debug|Any CPU
		{684BD4B9-D032-4052-9096-02E8808ECD97}.Debug|Any CPU.Build.0 = Debug|Any CPU
		{684BD4B9-D032-4052-9096-02E8808ECD97}.Release|Any CPU.ActiveCfg = Release|Any CPU
		{684BD4B9-D032-4052-9096-02E8808ECD97}.Release|Any CPU.Build.0 = Release|Any CPU
		{3498C0B0-328B-459D-9FF2-C37C3598F215}.Debug|Any CPU.ActiveCfg = Debug|Any CPU
		{3498C0B0-328B-459D-9FF2-C37C3598F215}.Debug|Any CPU.Build.0 = Debug|Any CPU
		{3498C0B0-328B-459D-9FF2-C37C3598F215}.Release|Any CPU.ActiveCfg = Release|Any CPU
		{3498C0B0-328B-459D-9FF2-C37C3598F215}.Release|Any CPU.Build.0 = Release|Any CPU
	EndGlobalSection
	GlobalSection(SolutionProperties) = preSolution
		HideSolutionNode = FALSE
	EndGlobalSection
	GlobalSection(NestedProjects) = preSolution
		{684BD4B9-D032-4052-9096-02E8808ECD97} = {FE4F576A-878F-48CE-AAF8-D9CD902F8FF4}
		{3498C0B0-328B-459D-9FF2-C37C3598F215} = {6EF209BF-6E38-4724-B888-40380F39DD31}
	EndGlobalSection
	GlobalSection(ExtensibilityGlobals) = postSolution
		SolutionGuid = {941BC13F-FC28-40D3-9300-306A5265D853}
	EndGlobalSection
EndGlobal
